
Microsoft Visual Studio Solution File, Format Version 12.00
# Visual Studio Version 17
VisualStudioVersion = 17.0.31903.59
MinimumVisualStudioVersion = 10.0.40219.1
Project("{FAE04EC0-301F-11D3-BF4B-00C04F79EFBC}") = "MyShop.Core", "MyShop.Core\MyShop.Core.csproj", "{566C8C26-C273-408E-AACB-41C25D0092C2}"
EndProject
Project("{FAE04EC0-301F-11D3-BF4B-00C04F79EFBC}") = "MyShop.Web", "MyShop.Web\MyShop.Web.csproj", "{5D81A2D0-ED5A-4513-B824-FF617DE61C56}"
EndProject
Project("{FAE04EC0-301F-11D3-BF4B-00C04F79EFBC}") = "MyShop.Api", "MyShop.Api\MyShop.Api.csproj", "{1B92204C-37FA-48D8-832F-21B54900336E}"
EndProject
Global
	GlobalSection(SolutionConfigurationPlatforms) = preSolution
		Debug|Any CPU = Debug|Any CPU
		Debug|x64 = Debug|x64
		Debug|x86 = Debug|x86
		Release|Any CPU = Release|Any CPU
		Release|x64 = Release|x64
		Release|x86 = Release|x86
	EndGlobalSection
	GlobalSection(ProjectConfigurationPlatforms) = postSolution
		{566C8C26-C273-408E-AACB-41C25D0092C2}.Debug|Any CPU.ActiveCfg = Debug|Any CPU
		{566C8C26-C273-408E-AACB-41C25D0092C2}.Debug|Any CPU.Build.0 = Debug|Any CPU
		{566C8C26-C273-408E-AACB-41C25D0092C2}.Debug|x64.ActiveCfg = Debug|Any CPU
		{566C8C26-C273-408E-AACB-41C25D0092C2}.Debug|x64.Build.0 = Debug|Any CPU
		{566C8C26-C273-408E-AACB-41C25D0092C2}.Debug|x86.ActiveCfg = Debug|Any CPU
		{566C8C26-C273-408E-AACB-41C25D0092C2}.Debug|x86.Build.0 = Debug|Any CPU
		{566C8C26-C273-408E-AACB-41C25D0092C2}.Release|Any CPU.ActiveCfg = Release|Any CPU
		{566C8C26-C273-408E-AACB-41C25D0092C2}.Release|Any CPU.Build.0 = Release|Any CPU
		{566C8C26-C273-408E-AACB-41C25D0092C2}.Release|x64.ActiveCfg = Release|Any CPU
		{566C8C26-C273-408E-AACB-41C25D0092C2}.Release|x64.Build.0 = Release|Any CPU
		{566C8C26-C273-408E-AACB-41C25D0092C2}.Release|x86.ActiveCfg = Release|Any CPU
		{566C8C26-C273-408E-AACB-41C25D0092C2}.Release|x86.Build.0 = Release|Any CPU
		{5D81A2D0-ED5A-4513-B824-FF617DE61C56}.Debug|Any CPU.ActiveCfg = Debug|Any CPU
		{5D81A2D0-ED5A-4513-B824-FF617DE61C56}.Debug|Any CPU.Build.0 = Debug|Any CPU
		{5D81A2D0-ED5A-4513-B824-FF617DE61C56}.Debug|x64.ActiveCfg = Debug|Any CPU
		{5D81A2D0-ED5A-4513-B824-FF617DE61C56}.Debug|x64.Build.0 = Debug|Any CPU
		{5D81A2D0-ED5A-4513-B824-FF617DE61C56}.Debug|x86.ActiveCfg = Debug|Any CPU
		{5D81A2D0-ED5A-4513-B824-FF617DE61C56}.Debug|x86.Build.0 = Debug|Any CPU
		{5D81A2D0-ED5A-4513-B824-FF617DE61C56}.Release|Any CPU.ActiveCfg = Release|Any CPU
		{5D81A2D0-ED5A-4513-B824-FF617DE61C56}.Release|Any CPU.Build.0 = Release|Any CPU
		{5D81A2D0-ED5A-4513-B824-FF617DE61C56}.Release|x64.ActiveCfg = Release|Any CPU
		{5D81A2D0-ED5A-4513-B824-FF617DE61C56}.Release|x64.Build.0 = Release|Any CPU
		{5D81A2D0-ED5A-4513-B824-FF617DE61C56}.Release|x86.ActiveCfg = Release|Any CPU
		{5D81A2D0-ED5A-4513-B824-FF617DE61C56}.Release|x86.Build.0 = Release|Any CPU
		{1B92204C-37FA-48D8-832F-21B54900336E}.Debug|Any CPU.ActiveCfg = Debug|Any CPU
		{1B92204C-37FA-48D8-832F-21B54900336E}.Debug|Any CPU.Build.0 = Debug|Any CPU
		{1B92204C-37FA-48D8-832F-21B54900336E}.Debug|x64.ActiveCfg = Debug|Any CPU
		{1B92204C-37FA-48D8-832F-21B54900336E}.Debug|x64.Build.0 = Debug|Any CPU
		{1B92204C-37FA-48D8-832F-21B54900336E}.Debug|x86.ActiveCfg = Debug|Any CPU
		{1B92204C-37FA-48D8-832F-21B54900336E}.Debug|x86.Build.0 = Debug|Any CPU
		{1B92204C-37FA-48D8-832F-21B54900336E}.Release|Any CPU.ActiveCfg = Release|Any CPU
		{1B92204C-37FA-48D8-832F-21B54900336E}.Release|Any CPU.Build.0 = Release|Any CPU
		{1B92204C-37FA-48D8-832F-21B54900336E}.Release|x64.ActiveCfg = Release|Any CPU
		{1B92204C-37FA-48D8-832F-21B54900336E}.Release|x64.Build.0 = Release|Any CPU
		{1B92204C-37FA-48D8-832F-21B54900336E}.Release|x86.ActiveCfg = Release|Any CPU
		{1B92204C-37FA-48D8-832F-21B54900336E}.Release|x86.Build.0 = Release|Any CPU
	EndGlobalSection
	GlobalSection(SolutionProperties) = preSolution
		HideSolutionNode = FALSE
	EndGlobalSection
EndGlobal
